
Microsoft Visual Studio Solution File, Format Version 12.00
# Visual Studio Version 17
VisualStudioVersion = 17.0.32126.317
MinimumVisualStudioVersion = 10.0.40219.1
Project("{FAE04EC0-301F-11D3-BF4B-00C04F79EFBC}") = "Project", "Project\Project.csproj", "{0FB0243D-251C-45BB-8BDF-2137390F41C5}"
EndProject
Project("{FAE04EC0-301F-11D3-BF4B-00C04F79EFBC}") = "UnitTests", "UnitTests\UnitTests.csproj", "{BE956336-003B-4FDA-9865-C7CAE788A5A9}"
EndProject
Global
	GlobalSection(SolutionConfigurationPlatforms) = preSolution
		Debug|Any CPU = Debug|Any CPU
		Release|Any CPU = Release|Any CPU
	EndGlobalSection
	GlobalSection(ProjectConfigurationPlatforms) = postSolution
		{0FB0243D-251C-45BB-8BDF-2137390F41C5}.Debug|Any CPU.ActiveCfg = Debug|Any CPU
		{0FB0243D-251C-45BB-8BDF-2137390F41C5}.Debug|Any CPU.Build.0 = Debug|Any CPU
		{0FB0243D-251C-45BB-8BDF-2137390F41C5}.Release|Any CPU.ActiveCfg = Release|Any CPU
		{0FB0243D-251C-45BB-8BDF-2137390F41C5}.Release|Any CPU.Build.0 = Release|Any CPU
		{BE956336-003B-4FDA-9865-C7CAE788A5A9}.Debug|Any CPU.ActiveCfg = Debug|Any CPU
		{BE956336-003B-4FDA-9865-C7CAE788A5A9}.Debug|Any CPU.Build.0 = Debug|Any CPU
		{BE956336-003B-4FDA-9865-C7CAE788A5A9}.Release|Any CPU.ActiveCfg = Release|Any CPU
		{BE956336-003B-4FDA-9865-C7CAE788A5A9}.Release|Any CPU.Build.0 = Release|Any CPU
	EndGlobalSection
	GlobalSection(SolutionProperties) = preSolution
		HideSolutionNode = FALSE
	EndGlobalSection
	GlobalSection(ExtensibilityGlobals) = postSolution
		SolutionGuid = {B474AB6A-5714-4BD5-AAF5-FFD6DF94DCF4}
	EndGlobalSection
EndGlobal
